// !$*UTF8*$!
{
	archiveVersion = 1;
	classes = {
	};
	objectVersion = 48;
	objects = {

/* Begin PBXBuildFile section */
		861BDA88206AAF150040FF15 /* AppDelegate.m in Sources */ = {isa = PBXBuildFile; fileRef = 861BDA87206AAF150040FF15 /* AppDelegate.m */; };
		861BDA8B206AAF150040FF15 /* ViewController.m in Sources */ = {isa = PBXBuildFile; fileRef = 861BDA8A206AAF150040FF15 /* ViewController.m */; };
		861BDA8E206AAF150040FF15 /* Main.storyboard in Resources */ = {isa = PBXBuildFile; fileRef = 861BDA8C206AAF150040FF15 /* Main.storyboard */; };
		861BDA90206AAF150040FF15 /* Assets.xcassets in Resources */ = {isa = PBXBuildFile; fileRef = 861BDA8F206AAF150040FF15 /* Assets.xcassets */; };
		861BDA93206AAF150040FF15 /* LaunchScreen.storyboard in Resources */ = {isa = PBXBuildFile; fileRef = 861BDA91206AAF150040FF15 /* LaunchScreen.storyboard */; };
		861BDA96206AAF150040FF15 /* main.m in Sources */ = {isa = PBXBuildFile; fileRef = 861BDA95206AAF150040FF15 /* main.m */; };
		861BDAA0206AAF150040FF15 /* jasonDictionariesTests.m in Sources */ = {isa = PBXBuildFile; fileRef = 861BDA9F206AAF150040FF15 /* jasonDictionariesTests.m */; };
		861BDAAB206AAF150040FF15 /* jasonDictionariesUITests.m in Sources */ = {isa = PBXBuildFile; fileRef = 861BDAAA206AAF150040FF15 /* jasonDictionariesUITests.m */; };
/* End PBXBuildFile section */

/* Begin PBXContainerItemProxy section */
		861BDA9C206AAF150040FF15 /* PBXContainerItemProxy */ = {
			isa = PBXContainerItemProxy;
			containerPortal = 861BDA7B206AAF150040FF15 /* Project object */;
			proxyType = 1;
			remoteGlobalIDString = 861BDA82206AAF150040FF15;
			remoteInfo = jasonDictionaries;
		};
		861BDAA7206AAF150040FF15 /* PBXContainerItemProxy */ = {
			isa = PBXContainerItemProxy;
			containerPortal = 861BDA7B206AAF150040FF15 /* Project object */;
			proxyType = 1;
			remoteGlobalIDString = 861BDA82206AAF150040FF15;
			remoteInfo = jasonDictionaries;
		};
/* End PBXContainerItemProxy section */

/* Begin PBXFileReference section */
		861BDA83206AAF150040FF15 /* jasonDictionaries.app */ = {isa = PBXFileReference; explicitFileType = wrapper.application; includeInIndex = 0; path = jasonDictionaries.app; sourceTree = BUILT_PRODUCTS_DIR; };
		861BDA86206AAF150040FF15 /* AppDelegate.h */ = {isa = PBXFileReference; lastKnownFileType = sourcecode.c.h; path = AppDelegate.h; sourceTree = "<group>"; };
		861BDA87206AAF150040FF15 /* AppDelegate.m */ = {isa = PBXFileReference; lastKnownFileType = sourcecode.c.objc; path = AppDelegate.m; sourceTree = "<group>"; };
		861BDA89206AAF150040FF15 /* ViewController.h */ = {isa = PBXFileReference; lastKnownFileType = sourcecode.c.h; path = ViewController.h; sourceTree = "<group>"; };
		861BDA8A206AAF150040FF15 /* ViewController.m */ = {isa = PBXFileReference; lastKnownFileType = sourcecode.c.objc; path = ViewController.m; sourceTree = "<group>"; };
		861BDA8D206AAF150040FF15 /* Base */ = {isa = PBXFileReference; lastKnownFileType = file.storyboard; name = Base; path = Base.lproj/Main.storyboard; sourceTree = "<group>"; };
		861BDA8F206AAF150040FF15 /* Assets.xcassets */ = {isa = PBXFileReference; lastKnownFileType = folder.assetcatalog; path = Assets.xcassets; sourceTree = "<group>"; };
		861BDA92206AAF150040FF15 /* Base */ = {isa = PBXFileReference; lastKnownFileType = file.storyboard; name = Base; path = Base.lproj/LaunchScreen.storyboard; sourceTree = "<group>"; };
		861BDA94206AAF150040FF15 /* Info.plist */ = {isa = PBXFileReference; lastKnownFileType = text.plist.xml; path = Info.plist; sourceTree = "<group>"; };
		861BDA95206AAF150040FF15 /* main.m */ = {isa = PBXFileReference; lastKnownFileType = sourcecode.c.objc; path = main.m; sourceTree = "<group>"; };
		861BDA9B206AAF150040FF15 /* jasonDictionariesTests.xctest */ = {isa = PBXFileReference; explicitFileType = wrapper.cfbundle; includeInIndex = 0; path = jasonDictionariesTests.xctest; sourceTree = BUILT_PRODUCTS_DIR; };
		861BDA9F206AAF150040FF15 /* jasonDictionariesTests.m */ = {isa = PBXFileReference; lastKnownFileType = sourcecode.c.objc; path = jasonDictionariesTests.m; sourceTree = "<group>"; };
		861BDAA1206AAF150040FF15 /* Info.plist */ = {isa = PBXFileReference; lastKnownFileType = text.plist.xml; path = Info.plist; sourceTree = "<group>"; };
		861BDAA6206AAF150040FF15 /* jasonDictionariesUITests.xctest */ = {isa = PBXFileReference; explicitFileType = wrapper.cfbundle; includeInIndex = 0; path = jasonDictionariesUITests.xctest; sourceTree = BUILT_PRODUCTS_DIR; };
		861BDAAA206AAF150040FF15 /* jasonDictionariesUITests.m */ = {isa = PBXFileReference; lastKnownFileType = sourcecode.c.objc; path = jasonDictionariesUITests.m; sourceTree = "<group>"; };
		861BDAAC206AAF150040FF15 /* Info.plist */ = {isa = PBXFileReference; lastKnownFileType = text.plist.xml; path = Info.plist; sourceTree = "<group>"; };
/* End PBXFileReference section */

/* Begin PBXFrameworksBuildPhase section */
		861BDA80206AAF150040FF15 /* Frameworks */ = {
			isa = PBXFrameworksBuildPhase;
			buildActionMask = 2147483647;
			files = (
			);
			runOnlyForDeploymentPostprocessing = 0;
		};
		861BDA98206AAF150040FF15 /* Frameworks */ = {
			isa = PBXFrameworksBuildPhase;
			buildActionMask = 2147483647;
			files = (
			);
			runOnlyForDeploymentPostprocessing = 0;
		};
		861BDAA3206AAF150040FF15 /* Frameworks */ = {
			isa = PBXFrameworksBuildPhase;
			buildActionMask = 2147483647;
			files = (
			);
			runOnlyForDeploymentPostprocessing = 0;
		};
/* End PBXFrameworksBuildPhase section */

/* Begin PBXGroup section */
		861BDA7A206AAF150040FF15 = {
			isa = PBXGroup;
			children = (
				861BDA85206AAF150040FF15 /* jasonDictionaries */,
				861BDA9E206AAF150040FF15 /* jasonDictionariesTests */,
				861BDAA9206AAF150040FF15 /* jasonDictionariesUITests */,
				861BDA84206AAF150040FF15 /* Products */,
			);
			sourceTree = "<group>";
		};
		861BDA84206AAF150040FF15 /* Products */ = {
			isa = PBXGroup;
			children = (
				861BDA83206AAF150040FF15 /* jasonDictionaries.app */,
				861BDA9B206AAF150040FF15 /* jasonDictionariesTests.xctest */,
				861BDAA6206AAF150040FF15 /* jasonDictionariesUITests.xctest */,
			);
			name = Products;
			sourceTree = "<group>";
		};
		861BDA85206AAF150040FF15 /* jasonDictionaries */ = {
			isa = PBXGroup;
			children = (
				861BDA86206AAF150040FF15 /* AppDelegate.h */,
				861BDA87206AAF150040FF15 /* AppDelegate.m */,
				861BDA89206AAF150040FF15 /* ViewController.h */,
				861BDA8A206AAF150040FF15 /* ViewController.m */,
				861BDA8C206AAF150040FF15 /* Main.storyboard */,
				861BDA8F206AAF150040FF15 /* Assets.xcassets */,
				861BDA91206AAF150040FF15 /* LaunchScreen.storyboard */,
				861BDA94206AAF150040FF15 /* Info.plist */,
				861BDA95206AAF150040FF15 /* main.m */,
			);
			path = jasonDictionaries;
			sourceTree = "<group>";
		};
		861BDA9E206AAF150040FF15 /* jasonDictionariesTests */ = {
			isa = PBXGroup;
			children = (
				861BDA9F206AAF150040FF15 /* jasonDictionariesTests.m */,
				861BDAA1206AAF150040FF15 /* Info.plist */,
			);
			path = jasonDictionariesTests;
			sourceTree = "<group>";
		};
		861BDAA9206AAF150040FF15 /* jasonDictionariesUITests */ = {
			isa = PBXGroup;
			children = (
				861BDAAA206AAF150040FF15 /* jasonDictionariesUITests.m */,
				861BDAAC206AAF150040FF15 /* Info.plist */,
			);
			path = jasonDictionariesUITests;
			sourceTree = "<group>";
		};
/* End PBXGroup section */

/* Begin PBXNativeTarget section */
		861BDA82206AAF150040FF15 /* jasonDictionaries */ = {
			isa = PBXNativeTarget;
			buildConfigurationList = 861BDAAF206AAF150040FF15 /* Build configuration list for PBXNativeTarget "jasonDictionaries" */;
			buildPhases = (
				861BDA7F206AAF150040FF15 /* Sources */,
				861BDA80206AAF150040FF15 /* Frameworks */,
				861BDA81206AAF150040FF15 /* Resources */,
			);
			buildRules = (
			);
			dependencies = (
			);
			name = jasonDictionaries;
			productName = jasonDictionaries;
			productReference = 861BDA83206AAF150040FF15 /* jasonDictionaries.app */;
			productType = "com.apple.product-type.application";
		};
		861BDA9A206AAF150040FF15 /* jasonDictionariesTests */ = {
			isa = PBXNativeTarget;
			buildConfigurationList = 861BDAB2206AAF150040FF15 /* Build configuration list for PBXNativeTarget "jasonDictionariesTests" */;
			buildPhases = (
				861BDA97206AAF150040FF15 /* Sources */,
				861BDA98206AAF150040FF15 /* Frameworks */,
				861BDA99206AAF150040FF15 /* Resources */,
			);
			buildRules = (
			);
			dependencies = (
				861BDA9D206AAF150040FF15 /* PBXTargetDependency */,
			);
			name = jasonDictionariesTests;
			productName = jasonDictionariesTests;
			productReference = 861BDA9B206AAF150040FF15 /* jasonDictionariesTests.xctest */;
			productType = "com.apple.product-type.bundle.unit-test";
		};
		861BDAA5206AAF150040FF15 /* jasonDictionariesUITests */ = {
			isa = PBXNativeTarget;
			buildConfigurationList = 861BDAB5206AAF150040FF15 /* Build configuration list for PBXNativeTarget "jasonDictionariesUITests" */;
			buildPhases = (
				861BDAA2206AAF150040FF15 /* Sources */,
				861BDAA3206AAF150040FF15 /* Frameworks */,
				861BDAA4206AAF150040FF15 /* Resources */,
			);
			buildRules = (
			);
			dependencies = (
				861BDAA8206AAF150040FF15 /* PBXTargetDependency */,
			);
			name = jasonDictionariesUITests;
			productName = jasonDictionariesUITests;
			productReference = 861BDAA6206AAF150040FF15 /* jasonDictionariesUITests.xctest */;
			productType = "com.apple.product-type.bundle.ui-testing";
		};
/* End PBXNativeTarget section */

/* Begin PBXProject section */
		861BDA7B206AAF150040FF15 /* Project object */ = {
			isa = PBXProject;
			attributes = {
				LastUpgradeCheck = 0920;
				ORGANIZATIONNAME = "big nerd ranch";
				TargetAttributes = {
					861BDA82206AAF150040FF15 = {
						CreatedOnToolsVersion = 9.2;
						ProvisioningStyle = Automatic;
					};
					861BDA9A206AAF150040FF15 = {
						CreatedOnToolsVersion = 9.2;
						ProvisioningStyle = Automatic;
						TestTargetID = 861BDA82206AAF150040FF15;
					};
					861BDAA5206AAF150040FF15 = {
						CreatedOnToolsVersion = 9.2;
						ProvisioningStyle = Automatic;
						TestTargetID = 861BDA82206AAF150040FF15;
					};
				};
			};
			buildConfigurationList = 861BDA7E206AAF150040FF15 /* Build configuration list for PBXProject "jasonDictionaries" */;
			compatibilityVersion = "Xcode 8.0";
			developmentRegion = en;
			hasScannedForEncodings = 0;
			knownRegions = (
				en,
				Base,
			);
			mainGroup = 861BDA7A206AAF150040FF15;
			productRefGroup = 861BDA84206AAF150040FF15 /* Products */;
			projectDirPath = "";
			projectRoot = "";
			targets = (
				861BDA82206AAF150040FF15 /* jasonDictionaries */,
				861BDA9A206AAF150040FF15 /* jasonDictionariesTests */,
				861BDAA5206AAF150040FF15 /* jasonDictionariesUITests */,
			);
		};
/* End PBXProject section */

/* Begin PBXResourcesBuildPhase section */
		861BDA81206AAF150040FF15 /* Resources */ = {
			isa = PBXResourcesBuildPhase;
			buildActionMask = 2147483647;
			files = (
				861BDA93206AAF150040FF15 /* LaunchScreen.storyboard in Resources */,
				861BDA90206AAF150040FF15 /* Assets.xcassets in Resources */,
				861BDA8E206AAF150040FF15 /* Main.storyboard in Resources */,
			);
			runOnlyForDeploymentPostprocessing = 0;
		};
		861BDA99206AAF150040FF15 /* Resources */ = {
			isa = PBXResourcesBuildPhase;
			buildActionMask = 2147483647;
			files = (
			);
			runOnlyForDeploymentPostprocessing = 0;
		};
		861BDAA4206AAF150040FF15 /* Resources */ = {
			isa = PBXResourcesBuildPhase;
			buildActionMask = 2147483647;
			files = (
			);
			runOnlyForDeploymentPostprocessing = 0;
		};
/* End PBXResourcesBuildPhase section */

/* Begin PBXSourcesBuildPhase section */
		861BDA7F206AAF150040FF15 /* Sources */ = {
			isa = PBXSourcesBuildPhase;
			buildActionMask = 2147483647;
			files = (
				861BDA8B206AAF150040FF15 /* ViewController.m in Sources */,
				861BDA96206AAF150040FF15 /* main.m in Sources */,
				861BDA88206AAF150040FF15 /* AppDelegate.m in Sources */,
			);
			runOnlyForDeploymentPostprocessing = 0;
		};
		861BDA97206AAF150040FF15 /* Sources */ = {
			isa = PBXSourcesBuildPhase;
			buildActionMask = 2147483647;
			files = (
				861BDAA0206AAF150040FF15 /* jasonDictionariesTests.m in Sources */,
			);
			runOnlyForDeploymentPostprocessing = 0;
		};
		861BDAA2206AAF150040FF15 /* Sources */ = {
			isa = PBXSourcesBuildPhase;
			buildActionMask = 2147483647;
			files = (
				861BDAAB206AAF150040FF15 /* jasonDictionariesUITests.m in Sources */,
			);
			runOnlyForDeploymentPostprocessing = 0;
		};
/* End PBXSourcesBuildPhase section */

/* Begin PBXTargetDependency section */
		861BDA9D206AAF150040FF15 /* PBXTargetDependency */ = {
			isa = PBXTargetDependency;
			target = 861BDA82206AAF150040FF15 /* jasonDictionaries */;
			targetProxy = 861BDA9C206AAF150040FF15 /* PBXContainerItemProxy */;
		};
		861BDAA8206AAF150040FF15 /* PBXTargetDependency */ = {
			isa = PBXTargetDependency;
			target = 861BDA82206AAF150040FF15 /* jasonDictionaries */;
			targetProxy = 861BDAA7206AAF150040FF15 /* PBXContainerItemProxy */;
		};
/* End PBXTargetDependency section */

/* Begin PBXVariantGroup section */
		861BDA8C206AAF150040FF15 /* Main.storyboard */ = {
			isa = PBXVariantGroup;
			children = (
				861BDA8D206AAF150040FF15 /* Base */,
			);
			name = Main.storyboard;
			sourceTree = "<group>";
		};
		861BDA91206AAF150040FF15 /* LaunchScreen.storyboard */ = {
			isa = PBXVariantGroup;
			children = (
				861BDA92206AAF150040FF15 /* Base */,
			);
			name = LaunchScreen.storyboard;
			sourceTree = "<group>";
		};
/* End PBXVariantGroup section */

/* Begin XCBuildConfiguration section */
		861BDAAD206AAF150040FF15 /* Debug */ = {
			isa = XCBuildConfiguration;
			buildSettings = {
				ALWAYS_SEARCH_USER_PATHS = NO;
				CLANG_ANALYZER_NONNULL = YES;
				CLANG_ANALYZER_NUMBER_OBJECT_CONVERSION = YES_AGGRESSIVE;
				CLANG_CXX_LANGUAGE_STANDARD = "gnu++14";
				CLANG_CXX_LIBRARY = "libc++";
				CLANG_ENABLE_MODULES = YES;
				CLANG_ENABLE_OBJC_ARC = YES;
				CLANG_WARN_BLOCK_CAPTURE_AUTORELEASING = YES;
				CLANG_WARN_BOOL_CONVERSION = YES;
				CLANG_WARN_COMMA = YES;
				CLANG_WARN_CONSTANT_CONVERSION = YES;
				CLANG_WARN_DIRECT_OBJC_ISA_USAGE = YES_ERROR;
				CLANG_WARN_DOCUMENTATION_COMMENTS = YES;
				CLANG_WARN_EMPTY_BODY = YES;
				CLANG_WARN_ENUM_CONVERSION = YES;
				CLANG_WARN_INFINITE_RECURSION = YES;
				CLANG_WARN_INT_CONVERSION = YES;
				CLANG_WARN_NON_LITERAL_NULL_CONVERSION = YES;
				CLANG_WARN_OBJC_LITERAL_CONVERSION = YES;
				CLANG_WARN_OBJC_ROOT_CLASS = YES_ERROR;
				CLANG_WARN_RANGE_LOOP_ANALYSIS = YES;
				CLANG_WARN_STRICT_PROTOTYPES = YES;
				CLANG_WARN_SUSPICIOUS_MOVE = YES;
				CLANG_WARN_UNGUARDED_AVAILABILITY = YES_AGGRESSIVE;
				CLANG_WARN_UNREACHABLE_CODE = YES;
				CLANG_WARN__DUPLICATE_METHOD_MATCH = YES;
				CODE_SIGN_IDENTITY = "iPhone Developer";
				COPY_PHASE_STRIP = NO;
				DEBUG_INFORMATION_FORMAT = dwarf;
				ENABLE_STRICT_OBJC_MSGSEND = YES;
				ENABLE_TESTABILITY = YES;
				GCC_C_LANGUAGE_STANDARD = gnu11;
				GCC_DYNAMIC_NO_PIC = NO;
				GCC_NO_COMMON_BLOCKS = YES;
				GCC_OPTIMIZATION_LEVEL = 0;
				GCC_PREPROCESSOR_DEFINITIONS = (
					"DEBUG=1",
					"$(inherited)",
				);
				GCC_WARN_64_TO_32_BIT_CONVERSION = YES;
				GCC_WARN_ABOUT_RETURN_TYPE = YES_ERROR;
				GCC_WARN_UNDECLARED_SELECTOR = YES;
				GCC_WARN_UNINITIALIZED_AUTOS = YES_AGGRESSIVE;
				GCC_WARN_UNUSED_FUNCTION = YES;
				GCC_WARN_UNUSED_VARIABLE = YES;
				IPHONEOS_DEPLOYMENT_TARGET = 11.2;
				MTL_ENABLE_DEBUG_INFO = YES;
				ONLY_ACTIVE_ARCH = YES;
				SDKROOT = iphoneos;
			};
			name = Debug;
		};
		861BDAAE206AAF150040FF15 /* Release */ = {
			isa = XCBuildConfiguration;
			buildSettings = {
				ALWAYS_SEARCH_USER_PATHS = NO;
				CLANG_ANALYZER_NONNULL = YES;
				CLANG_ANALYZER_NUMBER_OBJECT_CONVERSION = YES_AGGRESSIVE;
				CLANG_CXX_LANGUAGE_STANDARD = "gnu++14";
				CLANG_CXX_LIBRARY = "libc++";
				CLANG_ENABLE_MODULES = YES;
				CLANG_ENABLE_OBJC_ARC = YES;
				CLANG_WARN_BLOCK_CAPTURE_AUTORELEASING = YES;
				CLANG_WARN_BOOL_CONVERSION = YES;
				CLANG_WARN_COMMA = YES;
				CLANG_WARN_CONSTANT_CONVERSION = YES;
				CLANG_WARN_DIRECT_OBJC_ISA_USAGE = YES_ERROR;
				CLANG_WARN_DOCUMENTATION_COMMENTS = YES;
				CLANG_WARN_EMPTY_BODY = YES;
				CLANG_WARN_ENUM_CONVERSION = YES;
				CLANG_WARN_INFINITE_RECURSION = YES;
				CLANG_WARN_INT_CONVERSION = YES;
				CLANG_WARN_NON_LITERAL_NULL_CONVERSION = YES;
				CLANG_WARN_OBJC_LITERAL_CONVERSION = YES;
				CLANG_WARN_OBJC_ROOT_CLASS = YES_ERROR;
				CLANG_WARN_RANGE_LOOP_ANALYSIS = YES;
				CLANG_WARN_STRICT_PROTOTYPES = YES;
				CLANG_WARN_SUSPICIOUS_MOVE = YES;
				CLANG_WARN_UNGUARDED_AVAILABILITY = YES_AGGRESSIVE;
				CLANG_WARN_UNREACHABLE_CODE = YES;
				CLANG_WARN__DUPLICATE_METHOD_MATCH = YES;
				CODE_SIGN_IDENTITY = "iPhone Developer";
				COPY_PHASE_STRIP = NO;
				DEBUG_INFORMATION_FORMAT = "dwarf-with-dsym";
				ENABLE_NS_ASSERTIONS = NO;
				ENABLE_STRICT_OBJC_MSGSEND = YES;
				GCC_C_LANGUAGE_STANDARD = gnu11;
				GCC_NO_COMMON_BLOCKS = YES;
				GCC_WARN_64_TO_32_BIT_CONVERSION = YES;
				GCC_WARN_ABOUT_RETURN_TYPE = YES_ERROR;
				GCC_WARN_UNDECLARED_SELECTOR = YES;
				GCC_WARN_UNINITIALIZED_AUTOS = YES_AGGRESSIVE;
				GCC_WARN_UNUSED_FUNCTION = YES;
				GCC_WARN_UNUSED_VARIABLE = YES;
				IPHONEOS_DEPLOYMENT_TARGET = 11.2;
				MTL_ENABLE_DEBUG_INFO = NO;
				SDKROOT = iphoneos;
				VALIDATE_PRODUCT = YES;
			};
			name = Release;
		};
		861BDAB0206AAF150040FF15 /* Debug */ = {
			isa = XCBuildConfiguration;
			buildSettings = {
				ASSETCATALOG_COMPILER_APPICON_NAME = AppIcon;
				CODE_SIGN_STYLE = Automatic;
				DEVELOPMENT_TEAM = NCWD443L8Y;
				INFOPLIST_FILE = jasonDictionaries/Info.plist;
				LD_RUNPATH_SEARCH_PATHS = "$(inherited) @executable_path/Frameworks";
				PRODUCT_BUNDLE_IDENTIFIER = com.bignerdranch.jasonDictionaries;
				PRODUCT_NAME = "$(TARGET_NAME)";
				TARGETED_DEVICE_FAMILY = "1,2";
			};
			name = Debug;
		};
		861BDAB1206AAF150040FF15 /* Release */ = {
			isa = XCBuildConfiguration;
			buildSettings = {
				ASSETCATALOG_COMPILER_APPICON_NAME = AppIcon;
				CODE_SIGN_STYLE = Automatic;
				DEVELOPMENT_TEAM = NCWD443L8Y;
				INFOPLIST_FILE = jasonDictionaries/Info.plist;
				LD_RUNPATH_SEARCH_PATHS = "$(inherited) @executable_path/Frameworks";
				PRODUCT_BUNDLE_IDENTIFIER = com.bignerdranch.jasonDictionaries;
				PRODUCT_NAME = "$(TARGET_NAME)";
				TARGETED_DEVICE_FAMILY = "1,2";
			};
			name = Release;
		};
		861BDAB3206AAF150040FF15 /* Debug */ = {
			isa = XCBuildConfiguration;
			buildSettings = {
				BUNDLE_LOADER = "$(TEST_HOST)";
				CODE_SIGN_STYLE = Automatic;
				DEVELOPMENT_TEAM = NCWD443L8Y;
				INFOPLIST_FILE = jasonDictionariesTests/Info.plist;
				LD_RUNPATH_SEARCH_PATHS = "$(inherited) @executable_path/Frameworks @loader_path/Frameworks";
				PRODUCT_BUNDLE_IDENTIFIER = com.bignerdranch.jasonDictionariesTests;
				PRODUCT_NAME = "$(TARGET_NAME)";
				TARGETED_DEVICE_FAMILY = "1,2";
				TEST_HOST = "$(BUILT_PRODUCTS_DIR)/jasonDictionaries.app/jasonDictionaries";
			};
			name = Debug;
		};
		861BDAB4206AAF150040FF15 /* Release */ = {
			isa = XCBuildConfiguration;
			buildSettings = {
				BUNDLE_LOADER = "$(TEST_HOST)";
				CODE_SIGN_STYLE = Automatic;
				DEVELOPMENT_TEAM = NCWD443L8Y;
				INFOPLIST_FILE = jasonDictionariesTests/Info.plist;
				LD_RUNPATH_SEARCH_PATHS = "$(inherited) @executable_path/Frameworks @loader_path/Frameworks";
				PRODUCT_BUNDLE_IDENTIFIER = com.bignerdranch.jasonDictionariesTests;
				PRODUCT_NAME = "$(TARGET_NAME)";
				TARGETED_DEVICE_FAMILY = "1,2";
				TEST_HOST = "$(BUILT_PRODUCTS_DIR)/jasonDictionaries.app/jasonDictionaries";
			};
			name = Release;
		};
		861BDAB6206AAF150040FF15 /* Debug */ = {
			isa = XCBuildConfiguration;
			buildSettings = {
				CODE_SIGN_STYLE = Automatic;
				DEVELOPMENT_TEAM = NCWD443L8Y;
				INFOPLIST_FILE = jasonDictionariesUITests/Info.plist;
				LD_RUNPATH_SEARCH_PATHS = "$(inherited) @executable_path/Frameworks @loader_path/Frameworks";
				PRODUCT_BUNDLE_IDENTIFIER = com.bignerdranch.jasonDictionariesUITests;
				PRODUCT_NAME = "$(TARGET_NAME)";
				TARGETED_DEVICE_FAMILY = "1,2";
				TEST_TARGET_NAME = jasonDictionaries;
			};
			name = Debug;
		};
		861BDAB7206AAF150040FF15 /* Release */ = {
			isa = XCBuildConfiguration;
			buildSettings = {
				CODE_SIGN_STYLE = Automatic;
				DEVELOPMENT_TEAM = NCWD443L8Y;
				INFOPLIST_FILE = jasonDictionariesUITests/Info.plist;
				LD_RUNPATH_SEARCH_PATHS = "$(inherited) @executable_path/Frameworks @loader_path/Frameworks";
				PRODUCT_BUNDLE_IDENTIFIER = com.bignerdranch.jasonDictionariesUITests;
				PRODUCT_NAME = "$(TARGET_NAME)";
				TARGETED_DEVICE_FAMILY = "1,2";
				TEST_TARGET_NAME = jasonDictionaries;
			};
			name = Release;
		};
/* End XCBuildConfiguration section */

/* Begin XCConfigurationList section */
		861BDA7E206AAF150040FF15 /* Build configuration list for PBXProject "jasonDictionaries" */ = {
			isa = XCConfigurationList;
			buildConfigurations = (
				861BDAAD206AAF150040FF15 /* Debug */,
				861BDAAE206AAF150040FF15 /* Release */,
			);
			defaultConfigurationIsVisible = 0;
			defaultConfigurationName = Release;
		};
		861BDAAF206AAF150040FF15 /* Build configuration list for PBXNativeTarget "jasonDictionaries" */ = {
			isa = XCConfigurationList;
			buildConfigurations = (
				861BDAB0206AAF150040FF15 /* Debug */,
				861BDAB1206AAF150040FF15 /* Release */,
			);
			defaultConfigurationIsVisible = 0;
			defaultConfigurationName = Release;
		};
		861BDAB2206AAF150040FF15 /* Build configuration list for PBXNativeTarget "jasonDictionariesTests" */ = {
			isa = XCConfigurationList;
			buildConfigurations = (
				861BDAB3206AAF150040FF15 /* Debug */,
				861BDAB4206AAF150040FF15 /* Release */,
			);
			defaultConfigurationIsVisible = 0;
			defaultConfigurationName = Release;
		};
		861BDAB5206AAF150040FF15 /* Build configuration list for PBXNativeTarget "jasonDictionariesUITests" */ = {
			isa = XCConfigurationList;
			buildConfigurations = (
				861BDAB6206AAF150040FF15 /* Debug */,
				861BDAB7206AAF150040FF15 /* Release */,
			);
			defaultConfigurationIsVisible = 0;
			defaultConfigurationName = Release;
		};
/* End XCConfigurationList section */
	};
	rootObject = 861BDA7B206AAF150040FF15 /* Project object */;
}
